
Microsoft Visual Studio Solution File, Format Version 10.00
# Visual Studio 2008
Project("{8BC9CEB8-8B4A-11D0-8D11-00A0C91BC942}") = "project", "project.vcproj", "{D22B6402-1E08-40A1-AEFA-F9BE0F850DBA}"
EndProject
Global
	GlobalSection(SolutionConfigurationPlatforms) = preSolution
		Debug|Win32 = Debug|Win32
		Release|Win32 = Release|Win32
	EndGlobalSection
	GlobalSection(ProjectConfigurationPlatforms) = postSolution
		{D22B6402-1E08-40A1-AEFA-F9BE0F850DBA}.Debug|Win32.ActiveCfg = Debug|Win32
		{D22B6402-1E08-40A1-AEFA-F9BE0F850DBA}.Debug|Win32.Build.0 = Debug|Win32
		{D22B6402-1E08-40A1-AEFA-F9BE0F850DBA}.Release|Win32.ActiveCfg = Release|Win32
		{D22B6402-1E08-40A1-AEFA-F9BE0F850DBA}.Release|Win32.Build.0 = Release|Win32
	EndGlobalSection
	GlobalSection(SolutionProperties) = preSolution
		HideSolutionNode = FALSE
	EndGlobalSection
EndGlobal
